
Microsoft Visual Studio Solution File, Format Version 12.00
# Visual Studio Version 16
VisualStudioVersion = 16.0.28803.352
MinimumVisualStudioVersion = 10.0.40219.1
Project("{9A19103F-16F7-4668-BE54-9A1E7A4F7556}") = "AKIS_DEMO", "AKIS_DEMO\AKIS_DEMO.csproj", "{F7DE0C63-D8BA-42E7-98FC-FACA97101069}"
EndProject
Global
	GlobalSection(SolutionConfigurationPlatforms) = preSolution
		Debug|Any CPU = Debug|Any CPU
		Release|Any CPU = Release|Any CPU
	EndGlobalSection
	GlobalSection(ProjectConfigurationPlatforms) = postSolution
		{F7DE0C63-D8BA-42E7-98FC-FACA97101069}.Debug|Any CPU.ActiveCfg = Debug|Any CPU
		{F7DE0C63-D8BA-42E7-98FC-FACA97101069}.Debug|Any CPU.Build.0 = Debug|Any CPU
		{F7DE0C63-D8BA-42E7-98FC-FACA97101069}.Release|Any CPU.ActiveCfg = Release|Any CPU
		{F7DE0C63-D8BA-42E7-98FC-FACA97101069}.Release|Any CPU.Build.0 = Release|Any CPU
	EndGlobalSection
	GlobalSection(SolutionProperties) = preSolution
		HideSolutionNode = FALSE
	EndGlobalSection
	GlobalSection(ExtensibilityGlobals) = postSolution
		SolutionGuid = {48139D24-1662-49A3-BEA9-B24DC78EA2D8}
	EndGlobalSection
EndGlobal
